
Microsoft Visual Studio Solution File, Format Version 12.00
# Visual Studio Version 17
VisualStudioVersion = 17.5.33502.453
MinimumVisualStudioVersion = 10.0.40219.1
Project("{FAE04EC0-301F-11D3-BF4B-00C04F79EFBC}") = "WebApp1", "WebApp1\WebApp1.csproj", "{E3726A52-DA2A-4B7B-9C57-0BEFAB14C904}"
EndProject
Global
	GlobalSection(SolutionConfigurationPlatforms) = preSolution
		Debug|Any CPU = Debug|Any CPU
		Release|Any CPU = Release|Any CPU
	EndGlobalSection
	GlobalSection(ProjectConfigurationPlatforms) = postSolution
		{E3726A52-DA2A-4B7B-9C57-0BEFAB14C904}.Debug|Any CPU.ActiveCfg = Debug|Any CPU
		{E3726A52-DA2A-4B7B-9C57-0BEFAB14C904}.Debug|Any CPU.Build.0 = Debug|Any CPU
		{E3726A52-DA2A-4B7B-9C57-0BEFAB14C904}.Release|Any CPU.ActiveCfg = Release|Any CPU
		{E3726A52-DA2A-4B7B-9C57-0BEFAB14C904}.Release|Any CPU.Build.0 = Release|Any CPU
	EndGlobalSection
	GlobalSection(SolutionProperties) = preSolution
		HideSolutionNode = FALSE
	EndGlobalSection
	GlobalSection(ExtensibilityGlobals) = postSolution
		SolutionGuid = {09CC7540-0A25-42CB-A97F-EC2B0C1ED394}
	EndGlobalSection
EndGlobal
